
Microsoft Visual Studio Solution File, Format Version 12.00
# Visual Studio Version 16
VisualStudioVersion = 16.0.30104.148
MinimumVisualStudioVersion = 10.0.40219.1
Project("{FAE04EC0-301F-11D3-BF4B-00C04F79EFBC}") = "EditorDeVideo", "EditorDeVideo.csproj", "{B0160A24-145A-41A6-9C2A-E6C450CCA381}"
EndProject
Project("{FAE04EC0-301F-11D3-BF4B-00C04F79EFBC}") = "VideoEffects", "..\VideoEffects\VideoEffects.csproj", "{4103E61D-1AFD-4DE7-A2E9-45D66FAB7BF2}"
EndProject
Global
	GlobalSection(SolutionConfigurationPlatforms) = preSolution
		Debug|Any CPU = Debug|Any CPU
		Debug|ARM = Debug|ARM
		Debug|ARM64 = Debug|ARM64
		Debug|x64 = Debug|x64
		Debug|x86 = Debug|x86
		Release|Any CPU = Release|Any CPU
		Release|ARM = Release|ARM
		Release|ARM64 = Release|ARM64
		Release|x64 = Release|x64
		Release|x86 = Release|x86
	EndGlobalSection
	GlobalSection(ProjectConfigurationPlatforms) = postSolution
		{B0160A24-145A-41A6-9C2A-E6C450CCA381}.Debug|Any CPU.ActiveCfg = Debug|x86
		{B0160A24-145A-41A6-9C2A-E6C450CCA381}.Debug|ARM.ActiveCfg = Debug|ARM
		{B0160A24-145A-41A6-9C2A-E6C450CCA381}.Debug|ARM.Build.0 = Debug|ARM
		{B0160A24-145A-41A6-9C2A-E6C450CCA381}.Debug|ARM.Deploy.0 = Debug|ARM
		{B0160A24-145A-41A6-9C2A-E6C450CCA381}.Debug|ARM64.ActiveCfg = Debug|ARM64
		{B0160A24-145A-41A6-9C2A-E6C450CCA381}.Debug|ARM64.Build.0 = Debug|ARM64
		{B0160A24-145A-41A6-9C2A-E6C450CCA381}.Debug|ARM64.Deploy.0 = Debug|ARM64
		{B0160A24-145A-41A6-9C2A-E6C450CCA381}.Debug|x64.ActiveCfg = Debug|x64
		{B0160A24-145A-41A6-9C2A-E6C450CCA381}.Debug|x64.Build.0 = Debug|x64
		{B0160A24-145A-41A6-9C2A-E6C450CCA381}.Debug|x64.Deploy.0 = Debug|x64
		{B0160A24-145A-41A6-9C2A-E6C450CCA381}.Debug|x86.ActiveCfg = Debug|x86
		{B0160A24-145A-41A6-9C2A-E6C450CCA381}.Debug|x86.Build.0 = Debug|x86
		{B0160A24-145A-41A6-9C2A-E6C450CCA381}.Debug|x86.Deploy.0 = Debug|x86
		{B0160A24-145A-41A6-9C2A-E6C450CCA381}.Release|Any CPU.ActiveCfg = Release|x86
		{B0160A24-145A-41A6-9C2A-E6C450CCA381}.Release|ARM.ActiveCfg = Release|ARM
		{B0160A24-145A-41A6-9C2A-E6C450CCA381}.Release|ARM.Build.0 = Release|ARM
		{B0160A24-145A-41A6-9C2A-E6C450CCA381}.Release|ARM.Deploy.0 = Release|ARM
		{B0160A24-145A-41A6-9C2A-E6C450CCA381}.Release|ARM64.ActiveCfg = Release|ARM64
		{B0160A24-145A-41A6-9C2A-E6C450CCA381}.Release|ARM64.Build.0 = Release|ARM64
		{B0160A24-145A-41A6-9C2A-E6C450CCA381}.Release|ARM64.Deploy.0 = Release|ARM64
		{B0160A24-145A-41A6-9C2A-E6C450CCA381}.Release|x64.ActiveCfg = Release|x64
		{B0160A24-145A-41A6-9C2A-E6C450CCA381}.Release|x64.Build.0 = Release|x64
		{B0160A24-145A-41A6-9C2A-E6C450CCA381}.Release|x64.Deploy.0 = Release|x64
		{B0160A24-145A-41A6-9C2A-E6C450CCA381}.Release|x86.ActiveCfg = Release|x86
		{B0160A24-145A-41A6-9C2A-E6C450CCA381}.Release|x86.Build.0 = Release|x86
		{B0160A24-145A-41A6-9C2A-E6C450CCA381}.Release|x86.Deploy.0 = Release|x86
		{4103E61D-1AFD-4DE7-A2E9-45D66FAB7BF2}.Debug|Any CPU.ActiveCfg = Debug|Any CPU
		{4103E61D-1AFD-4DE7-A2E9-45D66FAB7BF2}.Debug|Any CPU.Build.0 = Debug|Any CPU
		{4103E61D-1AFD-4DE7-A2E9-45D66FAB7BF2}.Debug|ARM.ActiveCfg = Debug|ARM
		{4103E61D-1AFD-4DE7-A2E9-45D66FAB7BF2}.Debug|ARM.Build.0 = Debug|ARM
		{4103E61D-1AFD-4DE7-A2E9-45D66FAB7BF2}.Debug|ARM64.ActiveCfg = Debug|ARM64
		{4103E61D-1AFD-4DE7-A2E9-45D66FAB7BF2}.Debug|ARM64.Build.0 = Debug|ARM64
		{4103E61D-1AFD-4DE7-A2E9-45D66FAB7BF2}.Debug|x64.ActiveCfg = Debug|x64
		{4103E61D-1AFD-4DE7-A2E9-45D66FAB7BF2}.Debug|x64.Build.0 = Debug|x64
		{4103E61D-1AFD-4DE7-A2E9-45D66FAB7BF2}.Debug|x86.ActiveCfg = Debug|x86
		{4103E61D-1AFD-4DE7-A2E9-45D66FAB7BF2}.Debug|x86.Build.0 = Debug|x86
		{4103E61D-1AFD-4DE7-A2E9-45D66FAB7BF2}.Release|Any CPU.ActiveCfg = Release|Any CPU
		{4103E61D-1AFD-4DE7-A2E9-45D66FAB7BF2}.Release|Any CPU.Build.0 = Release|Any CPU
		{4103E61D-1AFD-4DE7-A2E9-45D66FAB7BF2}.Release|ARM.ActiveCfg = Release|ARM
		{4103E61D-1AFD-4DE7-A2E9-45D66FAB7BF2}.Release|ARM.Build.0 = Release|ARM
		{4103E61D-1AFD-4DE7-A2E9-45D66FAB7BF2}.Release|ARM64.ActiveCfg = Release|ARM64
		{4103E61D-1AFD-4DE7-A2E9-45D66FAB7BF2}.Release|ARM64.Build.0 = Release|ARM64
		{4103E61D-1AFD-4DE7-A2E9-45D66FAB7BF2}.Release|x64.ActiveCfg = Release|x64
		{4103E61D-1AFD-4DE7-A2E9-45D66FAB7BF2}.Release|x64.Build.0 = Release|x64
		{4103E61D-1AFD-4DE7-A2E9-45D66FAB7BF2}.Release|x86.ActiveCfg = Release|x86
		{4103E61D-1AFD-4DE7-A2E9-45D66FAB7BF2}.Release|x86.Build.0 = Release|x86
	EndGlobalSection
	GlobalSection(SolutionProperties) = preSolution
		HideSolutionNode = FALSE
	EndGlobalSection
	GlobalSection(ExtensibilityGlobals) = postSolution
		SolutionGuid = {54E69D74-7D4D-46CE-9AFA-BB4EB9B8A5E7}
	EndGlobalSection
EndGlobal
